
Microsoft Visual Studio Solution File, Format Version 12.00
# Visual Studio Version 17
VisualStudioVersion = 17.4.33122.133
MinimumVisualStudioVersion = 10.0.40219.1
Project("{FAE04EC0-301F-11D3-BF4B-00C04F79EFBC}") = "Back-End", "Back-End\Back-End.csproj", "{3FBA8561-22DC-48DB-AB84-F096F273A3A7}"
EndProject
Global
	GlobalSection(SolutionConfigurationPlatforms) = preSolution
		Debug|Any CPU = Debug|Any CPU
		Release|Any CPU = Release|Any CPU
	EndGlobalSection
	GlobalSection(ProjectConfigurationPlatforms) = postSolution
		{3FBA8561-22DC-48DB-AB84-F096F273A3A7}.Debug|Any CPU.ActiveCfg = Debug|Any CPU
		{3FBA8561-22DC-48DB-AB84-F096F273A3A7}.Debug|Any CPU.Build.0 = Debug|Any CPU
		{3FBA8561-22DC-48DB-AB84-F096F273A3A7}.Release|Any CPU.ActiveCfg = Release|Any CPU
		{3FBA8561-22DC-48DB-AB84-F096F273A3A7}.Release|Any CPU.Build.0 = Release|Any CPU
	EndGlobalSection
	GlobalSection(SolutionProperties) = preSolution
		HideSolutionNode = FALSE
	EndGlobalSection
	GlobalSection(ExtensibilityGlobals) = postSolution
		SolutionGuid = {456972A3-2411-404D-BBDB-5742B59CEA7D}
	EndGlobalSection
EndGlobal
